# This file is automatically @generated by Poetry 1.5.1 and should not be changed by hand.

[[package]]
name = "anyio"
version = "4.2.0"
description = "High level compatibility layer for multiple asynchronous event loop implementations"
optional = false
python-versions = ">=3.8"
files = [
    {file = "anyio-4.2.0-py3-none-any.whl", hash = "sha256:745843b39e829e108e518c489b31dc757de7d2131d53fac32bd8df268227bfee"},
    {file = "anyio-4.2.0.tar.gz", hash = "sha256:e1875bb4b4e2de1669f4bc7869b6d3f54231cdced71605e6e64c9be77e3be50f"},
]

[package.dependencies]
idna = ">=2.8"
sniffio = ">=1.1"

[package.extras]
doc = ["Sphinx (>=7)", "packaging", "sphinx-autodoc-typehints (>=1.2.0)", "sphinx-rtd-theme"]
test = ["anyio[trio]", "coverage[toml] (>=7)", "exceptiongroup (>=1.2.0)", "hypothesis (>=4.0)", "psutil (>=5.9)", "pytest (>=7.0)", "pytest-mock (>=3.6.1)", "trustme", "uvloop (>=0.17)"]
trio = ["trio (>=0.23)"]

[[package]]
name = "certifi"
version = "2023.11.17"
description = "Python package for providing Mozilla's CA Bundle."
optional = false
python-versions = ">=3.6"
files = [
    {file = "certifi-2023.11.17-py3-none-any.whl", hash = "sha256:e036ab49d5b79556f99cfc2d9320b34cfbe5be05c5871b51de9329f0603b0474"},
    {file = "certifi-2023.11.17.tar.gz", hash = "sha256:9b469f3a900bf28dc19b8cfbf8019bf47f7fdd1a65a1d4ffb98fc14166beb4d1"},
]

[[package]]
name = "h11"
version = "0.14.0"
description = "A pure-Python, bring-your-own-I/O implementation of HTTP/1.1"
optional = false
python-versions = ">=3.7"
files = [
    {file = "h11-0.14.0-py3-none-any.whl", hash = "sha256:e3fe4ac4b851c468cc8363d500db52c2ead036020723024a109d37346efaa761"},
    {file = "h11-0.14.0.tar.gz", hash = "sha256:8f19fbbe99e72420ff35c00b27a34cb9937e902a8b810e2c88300c6f0a3b699d"},
]

[[package]]
name = "httpcore"
version = "1.0.2"
description = "A minimal low-level HTTP client."
optional = false
python-versions = ">=3.8"
files = [
    {file = "httpcore-1.0.2-py3-none-any.whl", hash = "sha256:096cc05bca73b8e459a1fc3dcf585148f63e534eae4339559c9b8a8d6399acc7"},
    {file = "httpcore-1.0.2.tar.gz", hash = "sha256:9fc092e4799b26174648e54b74ed5f683132a464e95643b226e00c2ed2fa6535"},
]

[package.dependencies]
certifi = "*"
h11 = ">=0.13,<0.15"

[package.extras]
asyncio = ["anyio (>=4.0,<5.0)"]
http2 = ["h2 (>=3,<5)"]
socks = ["socksio (==1.*)"]
trio = ["trio (>=0.22.0,<0.23.0)"]

[[package]]
name = "httpx"
version = "0.25.2"
description = "The next generation HTTP client."
optional = false
python-versions = ">=3.8"
files = [
    {file = "httpx-0.25.2-py3-none-any.whl", hash = "sha256:a05d3d052d9b2dfce0e3896636467f8a5342fb2b902c819428e1ac65413ca118"},
    {file = "httpx-0.25.2.tar.gz", hash = "sha256:8b8fcaa0c8ea7b05edd69a094e63a2094c4efcb48129fb757361bc423c0ad9e8"},
]

[package.dependencies]
anyio = "*"
certifi = "*"
httpcore = "==1.*"
idna = "*"
sniffio = "*"

[package.extras]
brotli = ["brotli", "brotlicffi"]
cli = ["click (==8.*)", "pygments (==2.*)", "rich (>=10,<14)"]
http2 = ["h2 (>=3,<5)"]
socks = ["socksio (==1.*)"]

[[package]]
name = "idna"
version = "3.6"
description = "Internationalized Domain Names in Applications (IDNA)"
optional = false
python-versions = ">=3.5"
files = [
    {file = "idna-3.6-py3-none-any.whl", hash = "sha256:c05567e9c24a6b9faaa835c4821bad0590fbb9d5779e7caa6e1cc4978e7eb24f"},
    {file = "idna-3.6.tar.gz", hash = "sha256:9ecdbbd083b06798ae1e86adcbfe8ab1479cf864e4ee30fe4e46a003d12491ca"},
]

[[package]]
name = "psycopg"
version = "3.1.16"
description = "PostgreSQL database adapter for Python"
optional = false
python-versions = ">=3.7"
files = [
    {file = "psycopg-3.1.16-py3-none-any.whl", hash = "sha256:0bfe9741f4fb1c8115cadd8fe832fa91ac277e81e0652ff7fa1400f0ef0f59ba"},
    {file = "psycopg-3.1.16.tar.gz", hash = "sha256:a34d922fd7df3134595e71c3428ba6f1bd5f4968db74857fe95de12db2d6b763"},
]

[package.dependencies]
psycopg-binary = {version = "3.1.16", optional = true, markers = "implementation_name != \"pypy\" and extra == \"binary\""}
typing-extensions = ">=4.1"
tzdata = {version = "*", markers = "sys_platform == \"win32\""}

[package.extras]
binary = ["psycopg-binary (==3.1.16)"]
c = ["psycopg-c (==3.1.16)"]
dev = ["black (>=23.1.0)", "codespell (>=2.2)", "dnspython (>=2.1)", "flake8 (>=4.0)", "mypy (>=1.4.1)", "types-setuptools (>=57.4)", "wheel (>=0.37)"]
docs = ["Sphinx (>=5.0)", "furo (==2022.6.21)", "sphinx-autobuild (>=2021.3.14)", "sphinx-autodoc-typehints (>=1.12)"]
pool = ["psycopg-pool"]
test = ["anyio (>=3.6.2,<4.0)", "mypy (>=1.4.1)", "pproxy (>=2.7)", "pytest (>=6.2.5)", "pytest-cov (>=3.0)", "pytest-randomly (>=3.5)"]

[[package]]
name = "psycopg-binary"
version = "3.1.16"
description = "PostgreSQL database adapter for Python -- C optimisation distribution"
optional = false
python-versions = ">=3.7"
files = [
    {file = "psycopg_binary-3.1.16-cp310-cp310-macosx_10_9_x86_64.whl", hash = "sha256:e08e333366f8583c7bee33ca6a27f84b76e05ee4e9f9f327a48e3ff81386261d"},
    {file = "psycopg_binary-3.1.16-cp310-cp310-macosx_11_0_arm64.whl", hash = "sha256:a18dfcf7eb3db698eb7a38b4a0e82bf5b76a7bc0079068c5837df70b965570f8"},
    {file = "psycopg_binary-3.1.16-cp310-cp310-manylinux_2_17_aarch64.manylinux2014_aarch64.whl", hash = "sha256:db99192d9f448829322c4f59a584994ce747b8d586ec65788b4c65f7166cfe43"},
    {file = "psycopg_binary-3.1.16-cp310-cp310-manylinux_2_17_i686.manylinux2014_i686.whl", hash = "sha256:3f6053fe95596e2f67ff2c9464ea23032c748695a3b79060ca01ef878b0ea0f2"},
    {file = "psycopg_binary-3.1.16-cp310-cp310-manylinux_2_17_ppc64le.manylinux2014_ppc64le.whl", hash = "sha256:2e6092ec21c08ed4ae4ff343c93a3bbb1d39c87dee181860ce40fa3b5c46f4ae"},
    {file = "psycopg_binary-3.1.16-cp310-cp310-manylinux_2_17_x86_64.manylinux2014_x86_64.whl", hash = "sha256:5f81e880d1bd935433efab1c2883a02031df84e739eadcb2c6a715e9c2f41c19"},
    {file = "psycopg_binary-3.1.16-cp310-cp310-musllinux_1_1_aarch64.whl", hash = "sha256:430f8843e381199cdc39ce9506a2cdbc27a569c99a0d80193844c787ce7de94d"},
    {file = "psycopg_binary-3.1.16-cp310-cp310-musllinux_1_1_i686.whl", hash = "sha256:92bda36f0570a5f9a3d6aeb897bad219f1f23fc4e1d0e7780935798771efb536"},
    {file = "psycopg_binary-3.1.16-cp310-cp310-musllinux_1_1_ppc64le.whl", hash = "sha256:b256d500ec0121ad7875bc3539c43c82dc004535d55256a13c49df2d43f07ad8"},
    {file = "psycopg_binary-3.1.16-cp310-cp310-musllinux_1_1_x86_64.whl", hash = "sha256:699737cecf675e1eb70b892b1995456db4016eff7189a3ad9325dca5b6715cc3"},
    {file = "psycopg_binary-3.1.16-cp310-cp310-win_amd64.whl", hash = "sha256:5e0885bcd7d9a0c0043be83d6a214069356c640d42496de798d901d0a16a34e7"},
    {file = "psycopg_binary-3.1.16-cp311-cp311-macosx_10_9_x86_64.whl", hash = "sha256:4ee8be32eb8b813ef37c5f5968fe03fdddc9a6f0129190f97f6491c798a1ef57"},
    {file = "psycopg_binary-3.1.16-cp311-cp311-macosx_11_0_arm64.whl", hash = "sha256:8f8fb9677fb7873daf9797207e72e9275f61e769a308c4ea8f55dfd3153ebae7"},
    {file = "psycopg_binary-3.1.16-cp311-cp311-manylinux_2_17_aarch64.manylinux2014_aarch64.whl", hash = "sha256:8a611d7256493ee5bb73a070c9c60206af415be6aee01243c186fc03f1eb1a48"},
    {file = "psycopg_binary-3.1.16-cp311-cp311-manylinux_2_17_i686.manylinux2014_i686.whl", hash = "sha256:d267cc92f0f0a9ea6c8ef058e95c85e58133d06c06f4ed48d63fc256aef166ab"},
    {file = "psycopg_binary-3.1.16-cp311-cp311-manylinux_2_17_ppc64le.manylinux2014_ppc64le.whl", hash = "sha256:e996b38ffeffbaa06d236bbeab5168d33eea95941cf74de1daa0b008333861b1"},
    {file = "psycopg_binary-3.1.16-cp311-cp311-manylinux_2_17_x86_64.manylinux2014_x86_64.whl", hash = "sha256:8429017cd7a3ef4699bee4ff8125a5e30b26882b817a178608d73e69fb727ab9"},
    {file = "psycopg_binary-3.1.16-cp311-cp311-musllinux_1_1_aarch64.whl", hash = "sha256:a7d3b2ea267e7676b3693799fadf941c672f5727fae4947efa1f0cc6e25b672c"},
    {file = "psycopg_binary-3.1.16-cp311-cp311-musllinux_1_1_i686.whl", hash = "sha256:d8290cfd475fadf935da0900dc91b845fe92f792e6d53039c0df82f9049a84ad"},
    {file = "psycopg_binary-3.1.16-cp311-cp311-musllinux_1_1_ppc64le.whl", hash = "sha256:72539a0c6b9a2a9be2acca993df17f4baaa0ed00f1d76b65733725286e3e3304"},
    {file = "psycopg_binary-3.1.16-cp311-cp311-musllinux_1_1_x86_64.whl", hash = "sha256:1078370a93eaef1dc5aed540055d50cbe37e9154342f3a3d73fd768a6199344d"},
    {file = "psycopg_binary-3.1.16-cp311-cp311-win_amd64.whl", hash = "sha256:adca24d273fe81ecab2312309db547b345155ec50d15676e2df82b8c5409eb06"},
    {file = "psycopg_binary-3.1.16-cp312-cp312-macosx_10_9_x86_64.whl", hash = "sha256:e1c416a7c2a699c3e5ba031357682ebca92bd58f399e553173ab5d67cc71cbc5"},
    {file = "psycopg_binary-3.1.16-cp312-cp312-macosx_11_0_arm64.whl", hash = "sha256:e951a8cc7cf919fdc817a28d57160e7286011a4a45dcad3be21f3e4feba8be1a"},
    {file = "psycopg_binary-3.1.16-cp312-cp312-manylinux_2_17_aarch64.manylinux2014_aarch64.whl", hash = "sha256:5eaa02fe8aa9ef8c8743919fdbc92c04b0ee8c43f3d65e53f24d355776c52fb3"},
    {file = "psycopg_binary-3.1.16-cp312-cp312-manylinux_2_17_i686.manylinux2014_i686.whl", hash = "sha256:e23375c14c22ce8fd26d057ac4ab827de79aafced173c68a4c0b03520ea02c70"},
    {file = "psycopg_binary-3.1.16-cp312-cp312-manylinux_2_17_ppc64le.manylinux2014_ppc64le.whl", hash = "sha256:84472e5c83e805d4c491f331061cbae3ea4e62f80a480fc4b32200be72262ffd"},
    {file = "psycopg_binary-3.1.16-cp312-cp312-manylinux_2_17_x86_64.manylinux2014_x86_64.whl", hash = "sha256:9b0f824565d1dc325c74c076efd5ba842b86219f8bc1b8048c8816621a8b268c"},
    {file = "psycopg_binary-3.1.16-cp312-cp312-musllinux_1_1_aarch64.whl", hash = "sha256:6b856d44531475488e773ac78d2a7a91c0909a1e8bdbd20d3ebdbdce1868c9a0"},
    {file = "psycopg_binary-3.1.16-cp312-cp312-musllinux_1_1_i686.whl", hash = "sha256:198c4f16f806f7d2ad0c4a5b774652e17861b55249efb4e344049b1fcf9a24af"},
    {file = "psycopg_binary-3.1.16-cp312-cp312-musllinux_1_1_ppc64le.whl", hash = "sha256:b23d4b86acba2d745763ee0801821af1c42b127d8df75b903b7e7ca7c5f6400c"},
    {file = "psycopg_binary-3.1.16-cp312-cp312-musllinux_1_1_x86_64.whl", hash = "sha256:2cfd857f1085c59da592090f2fa0751da30b67dcafea2ac52c4b404678406aae"},
    {file = "psycopg_binary-3.1.16-cp312-cp312-win_amd64.whl", hash = "sha256:46c9cca48d459d8df71fda4eef7d94a189b8333f4bc3cf1d170c1796fcbbc8cd"},
    {file = "psycopg_binary-3.1.16-cp37-cp37m-macosx_10_9_x86_64.whl", hash = "sha256:f3136d8f92708c04694ca0cae6a2d6c8170e7174b9ee594218cb229b407e8f48"},
    {file = "psycopg_binary-3.1.16-cp37-cp37m-manylinux_2_17_aarch64.manylinux2014_aarch64.whl", hash = "sha256:1063fe43bb06790a4cfed9f1cacebb165939ca672b6fddcb03627d673ae00bd9"},
    {file = "psycopg_binary-3.1.16-cp37-cp37m-manylinux_2_17_i686.manylinux2014_i686.whl", hash = "sha256:58289209495a92022e58757add4badb495815a4477f5e9840d481eac2ea422b2"},
    {file = "psycopg_binary-3.1.16-cp37-cp37m-manylinux_2_17_ppc64le.manylinux2014_ppc64le.whl", hash = "sha256:d18c58f99beec18d38094edcb1ae7e6a1e58fb1a53ed08b0f18df714aa4b07cc"},
    {file = "psycopg_binary-3.1.16-cp37-cp37m-manylinux_2_17_x86_64.manylinux2014_x86_64.whl", hash = "sha256:e122c904d4c4e044a3797a62624316cf7359271564f9ebe8ca342ed4a8cef3bd"},
    {file = "psycopg_binary-3.1.16-cp37-cp37m-musllinux_1_1_aarch64.whl", hash = "sha256:82ffad0edfa3dd77d6aa40c267f61275a6a4061f735cefe97cfd83cfa78e112a"},
    {file = "psycopg_binary-3.1.16-cp37-cp37m-musllinux_1_1_i686.whl", hash = "sha256:82099b6b4b0b12b63c4169d69b48bdbce97e674b86fa51b015e9949fc0ce5c82"},
    {file = "psycopg_binary-3.1.16-cp37-cp37m-musllinux_1_1_ppc64le.whl", hash = "sha256:3815c72c590ffe3ad1dc3b7021d082b42215bbd91d2c7211d4a101eec1d0b83e"},
    {file = "psycopg_binary-3.1.16-cp37-cp37m-musllinux_1_1_x86_64.whl", hash = "sha256:d2f308bfd39d6dcf3f46165f98d816bce5ac78aaf782eceb3cf43aa0a4fe62f8"},
    {file = "psycopg_binary-3.1.16-cp37-cp37m-win_amd64.whl", hash = "sha256:1e197c3e8d88e984c1e0fcc9a0218947e5a14855939a00b158b428bc449b49e3"},
    {file = "psycopg_binary-3.1.16-cp38-cp38-macosx_10_9_x86_64.whl", hash = "sha256:2b22e2dad291a79d7a31b304866fd125038ef7fe378aba9698de0e1804a863c9"},
    {file = "psycopg_binary-3.1.16-cp38-cp38-macosx_11_0_arm64.whl", hash = "sha256:d9e1768c46c595a8177cb709c99626c3cefbd12c2e46eb54323efd8ac4a7fc2d"},
    {file = "psycopg_binary-3.1.16-cp38-cp38-manylinux_2_17_aarch64.manylinux2014_aarch64.whl", hash = "sha256:8eaabc8dd2d364e1b43d3a25188356191a45abb687b77016544f6847b3fcd73a"},
    {file = "psycopg_binary-3.1.16-cp38-cp38-manylinux_2_17_i686.manylinux2014_i686.whl", hash = "sha256:8cda744c43b09342b1a8b5aace13d3284c1f5ddbfcefa2d385f703337503a060"},
    {file = "psycopg_binary-3.1.16-cp38-cp38-manylinux_2_17_ppc64le.manylinux2014_ppc64le.whl", hash = "sha256:1cdaf56adc9cc56df7a05e8f097a776939ba49d5e6afc907ba7b404d8bd21c89"},
    {file = "psycopg_binary-3.1.16-cp38-cp38-manylinux_2_17_x86_64.manylinux2014_x86_64.whl", hash = "sha256:7232116fc5d4e0274114f152bdb9df089895d4c70f7c03268cab0a4c48a28d04"},
    {file = "psycopg_binary-3.1.16-cp38-cp38-musllinux_1_1_aarch64.whl", hash = "sha256:6f03239d7c18666f5d6ca82ea972235de4d4d3604287098af6cdc256b76a0ca5"},
    {file = "psycopg_binary-3.1.16-cp38-cp38-musllinux_1_1_i686.whl", hash = "sha256:edd1b630652bdfff84662b46d11878fbab8ab2966003c1876fcde56650e99e3f"},
    {file = "psycopg_binary-3.1.16-cp38-cp38-musllinux_1_1_ppc64le.whl", hash = "sha256:481e9dafca1ed9532552e097105e6664ee7f14686270ed0ee0b1d6c78c2cdb11"},
    {file = "psycopg_binary-3.1.16-cp38-cp38-musllinux_1_1_x86_64.whl", hash = "sha256:d43aa3aa55b5fa964ffa78cf6abdbd51ff33a759f290e9159a9f974ffa3178fa"},
    {file = "psycopg_binary-3.1.16-cp38-cp38-win_amd64.whl", hash = "sha256:51e66b282d8689bc33d81bde3a1e14d0c88a39200c2d9436b028b394d24f1f99"},
    {file = "psycopg_binary-3.1.16-cp39-cp39-macosx_10_9_x86_64.whl", hash = "sha256:bfae154f3c88e67f3ed592765ad56531b6076acfe80796e28cccc05727c1cf5b"},
    {file = "psycopg_binary-3.1.16-cp39-cp39-macosx_11_0_arm64.whl", hash = "sha256:f9f4bc3d366951359a68833c8031cc83faf5084b3bc80dd2d24f0add593d4418"},
    {file = "psycopg_binary-3.1.16-cp39-cp39-manylinux_2_17_aarch64.manylinux2014_aarch64.whl", hash = "sha256:a37d682d7ff57cc2573b1011740ef1566749fc94ae6ac1456405510592735c0a"},
    {file = "psycopg_binary-3.1.16-cp39-cp39-manylinux_2_17_i686.manylinux2014_i686.whl", hash = "sha256:0be876e3a8ee359f6a985b662c6b02a094a50b37adf1bd756a655004bddf167a"},
    {file = "psycopg_binary-3.1.16-cp39-cp39-manylinux_2_17_ppc64le.manylinux2014_ppc64le.whl", hash = "sha256:4f79192b0edd60ef24acb0af5b83319cbb65d4187576757b690646b290de8307"},
    {file = "psycopg_binary-3.1.16-cp39-cp39-manylinux_2_17_x86_64.manylinux2014_x86_64.whl", hash = "sha256:fcc5996b1db4e7fb948ea47b610456df317625d92474c779a20f92ca8cbcec92"},
    {file = "psycopg_binary-3.1.16-cp39-cp39-musllinux_1_1_aarch64.whl", hash = "sha256:3f2ceb04f8137462f9312a324bea5402de0a4f0503cd5442f4264911e4b6265b"},
    {file = "psycopg_binary-3.1.16-cp39-cp39-musllinux_1_1_i686.whl", hash = "sha256:47517d2da63bb10c80c2cf35c80a936db79636534849524fd57940b5f0bbd7bd"},
    {file = "psycopg_binary-3.1.16-cp39-cp39-musllinux_1_1_ppc64le.whl", hash = "sha256:2a6bd83d0b934aa03897e93acb6897972ccc3827ae61c903589bc92ed423f75d"},
    {file = "psycopg_binary-3.1.16-cp39-cp39-musllinux_1_1_x86_64.whl", hash = "sha256:08fb94928e785571ac90d3ab9e09f2721e0d895c2504ecfb8de91c5ea807b267"},
    {file = "psycopg_binary-3.1.16-cp39-cp39-win_amd64.whl", hash = "sha256:cf13807b61315130a59ea8d0950bda2ac875bae9fadc0b1a9aca9b4ef6d62c7b"},
]

[[package]]
name = "pyaes"
version = "1.6.1"
description = "Pure-Python Implementation of the AES block-cipher and common modes of operation"
optional = false
python-versions = "*"
files = [
    {file = "pyaes-1.6.1.tar.gz", hash = "sha256:02c1b1405c38d3c370b085fb952dd8bea3fadcee6411ad99f312cc129c536d8f"},
]

[[package]]
name = "pyasn1"
version = "0.5.1"
description = "Pure-Python implementation of ASN.1 types and DER/BER/CER codecs (X.208)"
optional = false
python-versions = "!=3.0.*,!=3.1.*,!=3.2.*,!=3.3.*,!=3.4.*,!=3.5.*,>=2.7"
files = [
    {file = "pyasn1-0.5.1-py2.py3-none-any.whl", hash = "sha256:4439847c58d40b1d0a573d07e3856e95333f1976294494c325775aeca506eb58"},
    {file = "pyasn1-0.5.1.tar.gz", hash = "sha256:6d391a96e59b23130a5cfa74d6fd7f388dbbe26cc8f1edf39fdddf08d9d6676c"},
]

[[package]]
name = "questdb"
version = "1.2.0"
description = "QuestDB client library for Python"
optional = false
python-versions = ">=3.8"
files = [
    {file = "questdb-1.2.0-cp310-cp310-macosx_10_9_x86_64.whl", hash = "sha256:1bccaff96b2d469369770075e8ab8dfd1fdc669f5d8f58bb0a1500d3a19119ab"},
    {file = "questdb-1.2.0-cp310-cp310-macosx_11_0_arm64.whl", hash = "sha256:4243fbc80b6652c623737875d2f23a5294b2068e03737b2a4f306290186b5a1e"},
    {file = "questdb-1.2.0-cp310-cp310-manylinux_2_17_aarch64.manylinux2014_aarch64.whl", hash = "sha256:7f004e74d206b9a703ffeb1b624f74eaf3be5673917ac6a32baa911a410f525a"},
    {file = "questdb-1.2.0-cp310-cp310-manylinux_2_17_i686.manylinux2014_i686.whl", hash = "sha256:6412f239f5b0640e69f09f514d62efd4182b4a39f9f205877ce17883c6d3d304"},
    {file = "questdb-1.2.0-cp310-cp310-manylinux_2_17_x86_64.manylinux2014_x86_64.whl", hash = "sha256:f6a1877d73684df8a4d46c7c150278945834b8d4df0541e2d5a59ad8164dfaae"},
    {file = "questdb-1.2.0-cp310-cp310-musllinux_1_1_aarch64.whl", hash = "sha256:5ecfc8cbcb123c424b518624384c0f808fdb907cf64416e55b7b2c6c982a1e6a"},
    {file = "questdb-1.2.0-cp310-cp310-musllinux_1_1_x86_64.whl", hash = "sha256:3168a68fe0cc2af77967aea4c272c12e28d5da3dd12499549c665219e39d87eb"},
    {file = "questdb-1.2.0-cp310-cp310-win32.whl", hash = "sha256:78e6db8e98c17b58a3a336859e9cf018d41a255c3c7a3bfcf51d31e7f8368b8a"},
    {file = "questdb-1.2.0-cp310-cp310-win_amd64.whl", hash = "sha256:d2ec91aa861b5daf567b154644a600ac8f9e36321688e9d457192b605f04aa22"},
    {file = "questdb-1.2.0-cp311-cp311-macosx_10_9_x86_64.whl", hash = "sha256:f3d7b9628cbcb6dcfb0afaf718b54167d519cd4e9c2f20f1ef28787e9b3b8e60"},
    {file = "questdb-1.2.0-cp311-cp311-macosx_11_0_arm64.whl", hash = "sha256:63da0bcde1104ff0370fa57650958e322cf87a513d048c25e002826a405c0562"},
    {file = "questdb-1.2.0-cp311-cp311-manylinux_2_17_aarch64.manylinux2014_aarch64.whl", hash = "sha256:93fa723d8db188be3fe58344584ed743c827270e702dafd06ac879e04eb73165"},
    {file = "questdb-1.2.0-cp311-cp311-manylinux_2_17_i686.manylinux2014_i686.whl", hash = "sha256:54406458c06e432e53a72ddeecb0e588079101b1e09614acb1ca2866c55fa292"},
    {file = "questdb-1.2.0-cp311-cp311-manylinux_2_17_x86_64.manylinux2014_x86_64.whl", hash = "sha256:5126cdabc611b86928d0f5b578f8b94f5d7270eb5c0e7a82a912b9d420cb45e8"},
    {file = "questdb-1.2.0-cp311-cp311-musllinux_1_1_aarch64.whl", hash = "sha256:22dbb5491b3cc33a09e78e2248084b5669d6350682d0d342087cfe4aa7cab00a"},
    {file = "questdb-1.2.0-cp311-cp311-musllinux_1_1_x86_64.whl", hash = "sha256:7b972b813f2871c5a8d35f567325613ce30329652be9b9ca0679eaca4c9d2625"},
    {file = "questdb-1.2.0-cp311-cp311-win32.whl", hash = "sha256:6b55da9e83accc43bd9ec3f8034b06ae8d828f85d09964382b680f1d08f9c7f7"},
    {file = "questdb-1.2.0-cp311-cp311-win_amd64.whl", hash = "sha256:837a3ab1090904d9b4bac4d783692b74c0d067a7870dc1b881ae34d9fa2a6870"},
    {file = "questdb-1.2.0-cp312-cp312-macosx_10_9_x86_64.whl", hash = "sha256:d3d78c9a55b2c906594b6899e98d103580fdee78557cb2ea84e642ba3d83584a"},
    {file = "questdb-1.2.0-cp312-cp312-macosx_11_0_arm64.whl", hash = "sha256:ce69ba6c4ac496aaf10eb981963b6746f945dbbad6c0d902c48277940ca5970c"},
    {file = "questdb-1.2.0-cp312-cp312-manylinux_2_17_i686.manylinux2014_i686.whl", hash = "sha256:b5c0b9b032c504a4d20a7ad2f9a370ed26acac71908c96c14382e211abb7c2b0"},
    {file = "questdb-1.2.0-cp312-cp312-manylinux_2_17_x86_64.manylinux2014_x86_64.whl", hash = "sha256:7922ce0cfe0829063096593656520790a395c589c306e883835d9c164ccf7082"},
    {file = "questdb-1.2.0-cp312-cp312-musllinux_1_1_x86_64.whl", hash = "sha256:21ee96513bd1d915e1227de8b374d8a6a31d2241c4b0e90d7b5137541ffcaa8a"},
    {file = "questdb-1.2.0-cp312-cp312-win32.whl", hash = "sha256:6cd3cfc70fdf987e4bbece8e1b218ba16f53169c6d9ff9ded1eaad5b9aa91aaf"},
    {file = "questdb-1.2.0-cp312-cp312-win_amd64.whl", hash = "sha256:52117c669434487739ce54f61d1e74b7fcd1b288680e4c0c18151ce2309b614c"},
    {file = "questdb-1.2.0-cp38-cp38-macosx_10_9_x86_64.whl", hash = "sha256:5750b9967921c531d1c901adc311374a94e4268eb758003720871d93aeb1343b"},
    {file = "questdb-1.2.0-cp38-cp38-macosx_11_0_arm64.whl", hash = "sha256:fc1a9eb664b939231cfddd03a2e76f45fd41cd985d0b1558855e01793212d20d"},
    {file = "questdb-1.2.0-cp38-cp38-manylinux_2_17_aarch64.manylinux2014_aarch64.whl", hash = "sha256:e4212a84021802badaf181f7ea65e70572c62ee90b03cf34c848abe5ca5553c7"},
    {file = "questdb-1.2.0-cp38-cp38-manylinux_2_17_i686.manylinux2014_i686.whl", hash = "sha256:b29b5ac0c3b26a84463544369d929b18ecc669cb869dd7f94155510e4e084b0c"},
    {file = "questdb-1.2.0-cp38-cp38-manylinux_2_17_x86_64.manylinux2014_x86_64.whl", hash = "sha256:ce5ae629cb961b57f642ca0901dd3ad7f4bc03a35927ebe01abee2cf54a9cd0a"},
    {file = "questdb-1.2.0-cp38-cp38-musllinux_1_1_aarch64.whl", hash = "sha256:03311d4ebd713f37358b243ccfde91fc074e60b0e41a1c76a58f145b16c81f8d"},
    {file = "questdb-1.2.0-cp38-cp38-musllinux_1_1_x86_64.whl", hash = "sha256:20a2ce2d24b1a1a6b962f422ee4ef7efd9523da560b24bd4284f3f7a1ebce64b"},
    {file = "questdb-1.2.0-cp38-cp38-win32.whl", hash = "sha256:c6c823acd20d41935f1aef5d620cb577a6a2cbc5e9a241a659a30a7a0fce4543"},
    {file = "questdb-1.2.0-cp38-cp38-win_amd64.whl", hash = "sha256:c8422fb4ed3d6c2e2e543622865b1865cd5496da3a46fac217cf887ec79e6e56"},
    {file = "questdb-1.2.0-cp39-cp39-macosx_10_9_x86_64.whl", hash = "sha256:03c9e2ef8ab8b786dd8a5ca7e53a563f608d9fa555ef16601b8930af3a924e94"},
    {file = "questdb-1.2.0-cp39-cp39-macosx_11_0_arm64.whl", hash = "sha256:b7f2e35cf374614cf1aa0748406147529f46e237e78842eeb49e35d6056d7982"},
    {file = "questdb-1.2.0-cp39-cp39-manylinux_2_17_aarch64.manylinux2014_aarch64.whl", hash = "sha256:5dd249146a77ee407d611b54d0dd31b8d23673b7828a523231aa65f2ed00c994"},
    {file = "questdb-1.2.0-cp39-cp39-manylinux_2_17_i686.manylinux2014_i686.whl", hash = "sha256:e7414bdacf5b9d9df9b43c8b574822ec1dbf0a66060e556ba028d97cab1f3b13"},
    {file = "questdb-1.2.0-cp39-cp39-manylinux_2_17_x86_64.manylinux2014_x86_64.whl", hash = "sha256:2ba35f2e41472e191ce5c26edc4051919269997b7f2a49aef5ba9a496fd076f3"},
    {file = "questdb-1.2.0-cp39-cp39-musllinux_1_1_aarch64.whl", hash = "sha256:1415c94e8cc49f7147233724e6c98892ca667580c0096c690ed9a24af733f803"},
    {file = "questdb-1.2.0-cp39-cp39-musllinux_1_1_x86_64.whl", hash = "sha256:27d0a2d17f54f2724f007c8dd0e332ffe16d5715229cb36e4f1a89658da56e40"},
    {file = "questdb-1.2.0-cp39-cp39-win32.whl", hash = "sha256:de7eb29307037d9ca7bb132174dd7766e3a865c6e9bb5727c74f9297bbf5b65b"},
    {file = "questdb-1.2.0-cp39-cp39-win_amd64.whl", hash = "sha256:0c8b61ea1ade05478dfdc2ab212a45e04254ffd3fb8d3d7bf48e0830ebac35f3"},
    {file = "questdb-1.2.0-pp310-pypy310_pp73-macosx_10_9_x86_64.whl", hash = "sha256:7a64fad680a9f67566ab82c1cf0b9e986bc1d9702798efef66d92b6603ee5794"},
    {file = "questdb-1.2.0-pp310-pypy310_pp73-manylinux_2_17_i686.manylinux2014_i686.whl", hash = "sha256:982663ccb5cc67e4d1f4ae61295a64cffe506a1d8e3503c7f5bfa8af80124541"},
    {file = "questdb-1.2.0-pp310-pypy310_pp73-manylinux_2_17_x86_64.manylinux2014_x86_64.whl", hash = "sha256:4203c209f1a2ce9bfc4060205c0c0324514aa8eacde4522fd9601d4f9ec82ab1"},
    {file = "questdb-1.2.0-pp310-pypy310_pp73-win_amd64.whl", hash = "sha256:35bf5c3905ddfaae2b46b590f399f75e4f9fa86a86b4fe3b5e406c73abeee7c2"},
    {file = "questdb-1.2.0-pp38-pypy38_pp73-macosx_10_9_x86_64.whl", hash = "sha256:413fd34fce027f153035a54ed037087c484231dbcb7c0cba410943250323aea9"},
    {file = "questdb-1.2.0-pp38-pypy38_pp73-manylinux_2_17_aarch64.manylinux2014_aarch64.whl", hash = "sha256:0380640d6d0365de83aef7044667c21bce119d41cc0a9a5a7cf0818d5476fea9"},
    {file = "questdb-1.2.0-pp38-pypy38_pp73-manylinux_2_17_i686.manylinux2014_i686.whl", hash = "sha256:39bd2c3bd49b91d709032d73c6be5ba82d6b8c41be9d99e4216a2f6587413189"},
    {file = "questdb-1.2.0-pp38-pypy38_pp73-manylinux_2_17_x86_64.manylinux2014_x86_64.whl", hash = "sha256:bb32ab63fe534a8e2e8cf146fe0b168fa157fa5e04de03467513a5dec53bbdeb"},
    {file = "questdb-1.2.0-pp38-pypy38_pp73-win_amd64.whl", hash = "sha256:ccb75f92b2313c27f86c50e055429d8be3874e9676d497a26f29287d1a839b03"},
    {file = "questdb-1.2.0-pp39-pypy39_pp73-macosx_10_9_x86_64.whl", hash = "sha256:54570a0c3797cf0992fc4c3d05af80ab6f2cff8613fa3069e88c25a914fdbc0b"},
    {file = "questdb-1.2.0-pp39-pypy39_pp73-manylinux_2_17_aarch64.manylinux2014_aarch64.whl", hash = "sha256:2be0cf3c2ccfba7cfb71cf672d39c9252e2676ea6d71d6cb9b48a8d73d195266"},
    {file = "questdb-1.2.0-pp39-pypy39_pp73-manylinux_2_17_i686.manylinux2014_i686.whl", hash = "sha256:cb7a706438f2e33c7192e565584691fc34a10c4aef4013bea6fafdb8a742f8e5"},
    {file = "questdb-1.2.0-pp39-pypy39_pp73-manylinux_2_17_x86_64.manylinux2014_x86_64.whl", hash = "sha256:2041f4d340fbfad70b1b8525d20d15783c3d06502ff9e68834c14129873df7e8"},
    {file = "questdb-1.2.0-pp39-pypy39_pp73-win_amd64.whl", hash = "sha256:ad388935682f4d35ae48ab1c97d712629fb15597ff4c20c48bcb3dde99961422"},
    {file = "questdb-1.2.0.tar.gz", hash = "sha256:f7b1670b6371670984c8a1acc4b8002647a40bc12919ad66f66e47900f1e23f1"},
]

[package.extras]
ci = ["cibuildwheel"]
publish = ["twine", "wheel"]

[[package]]
name = "rsa"
version = "4.9"
description = "Pure-Python RSA implementation"
optional = false
python-versions = ">=3.6,<4"
files = [
    {file = "rsa-4.9-py3-none-any.whl", hash = "sha256:90260d9058e514786967344d0ef75fa8727eed8a7d2e43ce9f4bcf1b536174f7"},
    {file = "rsa-4.9.tar.gz", hash = "sha256:e38464a49c6c85d7f1351b0126661487a7e0a14a50f1675ec50eb34d4f20ef21"},
]

[package.dependencies]
pyasn1 = ">=0.1.3"

[[package]]
name = "sniffio"
version = "1.3.0"
description = "Sniff out which async library your code is running under"
optional = false
python-versions = ">=3.7"
files = [
    {file = "sniffio-1.3.0-py3-none-any.whl", hash = "sha256:eecefdce1e5bbfb7ad2eeaabf7c1eeb404d7757c379bd1f7e5cce9d8bf425384"},
    {file = "sniffio-1.3.0.tar.gz", hash = "sha256:e60305c5e5d314f5389259b7f22aaa33d8f7dee49763119234af3755c55b9101"},
]

[[package]]
name = "telethon"
version = "1.33.1"
description = "Full-featured Telegram client library for Python 3"
optional = false
python-versions = ">=3.5"
files = [
    {file = "Telethon-1.33.1.tar.gz", hash = "sha256:377107d77fd95f8c2bd7fce77f9d78da84c1ff58023f59e8d06035a4548bd36b"},
]

[package.dependencies]
pyaes = "*"
rsa = "*"

[package.extras]
cryptg = ["cryptg"]

[[package]]
name = "typing-extensions"
version = "4.9.0"
description = "Backported and Experimental Type Hints for Python 3.8+"
optional = false
python-versions = ">=3.8"
files = [
    {file = "typing_extensions-4.9.0-py3-none-any.whl", hash = "sha256:af72aea155e91adfc61c3ae9e0e342dbc0cba726d6cba4b6c72c1f34e47291cd"},
    {file = "typing_extensions-4.9.0.tar.gz", hash = "sha256:23478f88c37f27d76ac8aee6c905017a143b0b1b886c3c9f66bc2fd94f9f5783"},
]

[[package]]
name = "tzdata"
version = "2023.3"
description = "Provider of IANA time zone data"
optional = false
python-versions = ">=2"
files = [
    {file = "tzdata-2023.3-py2.py3-none-any.whl", hash = "sha256:7e65763eef3120314099b6939b5546db7adce1e7d6f2e179e3df563c70511eda"},
    {file = "tzdata-2023.3.tar.gz", hash = "sha256:11ef1e08e54acb0d4f95bdb1be05da659673de4acbd21bf9c69e94cc5e907a3a"},
]

[metadata]
lock-version = "2.0"
python-versions = "^3.11"
content-hash = "29f7eb7f5e25c2e0deb47c4dbf038fc0ec6bbb77a3324e6756eb4c6e2929ac45"
